
Microsoft Visual Studio Solution File, Format Version 12.00
# Visual Studio Version 17
VisualStudioVersion = 17.8.34330.188
MinimumVisualStudioVersion = 10.0.40219.1
Project("{FAE04EC0-301F-11D3-BF4B-00C04F79EFBC}") = "GetSet", "GetSet\GetSet.csproj", "{382500D9-6DE8-4F9C-A6A0-71A576E796B1}"
EndProject
Global
	GlobalSection(SolutionConfigurationPlatforms) = preSolution
		Debug|Any CPU = Debug|Any CPU
		Release|Any CPU = Release|Any CPU
	EndGlobalSection
	GlobalSection(ProjectConfigurationPlatforms) = postSolution
		{382500D9-6DE8-4F9C-A6A0-71A576E796B1}.Debug|Any CPU.ActiveCfg = Debug|Any CPU
		{382500D9-6DE8-4F9C-A6A0-71A576E796B1}.Debug|Any CPU.Build.0 = Debug|Any CPU
		{382500D9-6DE8-4F9C-A6A0-71A576E796B1}.Release|Any CPU.ActiveCfg = Release|Any CPU
		{382500D9-6DE8-4F9C-A6A0-71A576E796B1}.Release|Any CPU.Build.0 = Release|Any CPU
	EndGlobalSection
	GlobalSection(SolutionProperties) = preSolution
		HideSolutionNode = FALSE
	EndGlobalSection
	GlobalSection(ExtensibilityGlobals) = postSolution
		SolutionGuid = {130290DB-13A7-4417-9987-C624CAF32466}
	EndGlobalSection
EndGlobal
